
Microsoft Visual Studio Solution File, Format Version 12.00
# Visual Studio Version 16
VisualStudioVersion = 16.0.31205.134
MinimumVisualStudioVersion = 10.0.40219.1
Project("{9A19103F-16F7-4668-BE54-9A1E7A4F7556}") = "RandomVariable", "RandomVariable.csproj", "{21F47B26-3FBA-4C4F-8D58-7EF68EBBA785}"
EndProject
Global
	GlobalSection(SolutionConfigurationPlatforms) = preSolution
		Debug|Any CPU = Debug|Any CPU
		Release|Any CPU = Release|Any CPU
	EndGlobalSection
	GlobalSection(ProjectConfigurationPlatforms) = postSolution
		{21F47B26-3FBA-4C4F-8D58-7EF68EBBA785}.Debug|Any CPU.ActiveCfg = Debug|Any CPU
		{21F47B26-3FBA-4C4F-8D58-7EF68EBBA785}.Debug|Any CPU.Build.0 = Debug|Any CPU
		{21F47B26-3FBA-4C4F-8D58-7EF68EBBA785}.Release|Any CPU.ActiveCfg = Release|Any CPU
		{21F47B26-3FBA-4C4F-8D58-7EF68EBBA785}.Release|Any CPU.Build.0 = Release|Any CPU
	EndGlobalSection
	GlobalSection(SolutionProperties) = preSolution
		HideSolutionNode = FALSE
	EndGlobalSection
	GlobalSection(ExtensibilityGlobals) = postSolution
		SolutionGuid = {F035D885-63A5-4B8C-933D-23678615A503}
	EndGlobalSection
EndGlobal
